
Microsoft Visual Studio Solution File, Format Version 12.00
# Visual Studio Version 16
VisualStudioVersion = 16.0.31727.386
MinimumVisualStudioVersion = 10.0.40219.1
Project("{FAE04EC0-301F-11D3-BF4B-00C04F79EFBC}") = "Regtext", "Regtext\Regtext.csproj", "{A2FE47CB-5816-4E5C-A7C2-2F3B59E15E29}"
EndProject
Global
	GlobalSection(SolutionConfigurationPlatforms) = preSolution
		Debug|Any CPU = Debug|Any CPU
		Release|Any CPU = Release|Any CPU
	EndGlobalSection
	GlobalSection(ProjectConfigurationPlatforms) = postSolution
		{A2FE47CB-5816-4E5C-A7C2-2F3B59E15E29}.Debug|Any CPU.ActiveCfg = Debug|Any CPU
		{A2FE47CB-5816-4E5C-A7C2-2F3B59E15E29}.Debug|Any CPU.Build.0 = Debug|Any CPU
		{A2FE47CB-5816-4E5C-A7C2-2F3B59E15E29}.Release|Any CPU.ActiveCfg = Release|Any CPU
		{A2FE47CB-5816-4E5C-A7C2-2F3B59E15E29}.Release|Any CPU.Build.0 = Release|Any CPU
	EndGlobalSection
	GlobalSection(SolutionProperties) = preSolution
		HideSolutionNode = FALSE
	EndGlobalSection
	GlobalSection(ExtensibilityGlobals) = postSolution
		SolutionGuid = {E213565B-C9C9-4D1B-B693-08AF74705633}
	EndGlobalSection
EndGlobal
